
Microsoft Visual Studio Solution File, Format Version 12.00
# Visual Studio Version 17
VisualStudioVersion = 17.14.36310.24 d17.14
MinimumVisualStudioVersion = 10.0.40219.1
Project("{FAE04EC0-301F-11D3-BF4B-00C04F79EFBC}") = "SAM2.0_Sharp_ONNX", "SAM2.0_Sharp_ONNX\SAM2.0_Sharp_ONNX.csproj", "{07E62CCE-3589-4517-913F-76AA86FAEED8}"
EndProject
Global
	GlobalSection(SolutionConfigurationPlatforms) = preSolution
		Debug|Any CPU = Debug|Any CPU
		Release|Any CPU = Release|Any CPU
	EndGlobalSection
	GlobalSection(ProjectConfigurationPlatforms) = postSolution
		{07E62CCE-3589-4517-913F-76AA86FAEED8}.Debug|Any CPU.ActiveCfg = Debug|Any CPU
		{07E62CCE-3589-4517-913F-76AA86FAEED8}.Debug|Any CPU.Build.0 = Debug|Any CPU
		{07E62CCE-3589-4517-913F-76AA86FAEED8}.Release|Any CPU.ActiveCfg = Release|Any CPU
		{07E62CCE-3589-4517-913F-76AA86FAEED8}.Release|Any CPU.Build.0 = Release|Any CPU
	EndGlobalSection
	GlobalSection(SolutionProperties) = preSolution
		HideSolutionNode = FALSE
	EndGlobalSection
	GlobalSection(ExtensibilityGlobals) = postSolution
		SolutionGuid = {A60AFE99-8E67-4889-A372-6DEF099B2809}
	EndGlobalSection
EndGlobal
